
Microsoft Visual Studio Solution File, Format Version 12.00
# Visual Studio Version 17
VisualStudioVersion = 17.5.002.0
MinimumVisualStudioVersion = 10.0.40219.1
Project("{9A19103F-16F7-4668-BE54-9A1E7A4F7556}") = "OnlineShop", "OnlineShop.csproj", "{42C7877F-0FBC-4B39-981D-6F9D6B7884AE}"
EndProject
Global
	GlobalSection(SolutionConfigurationPlatforms) = preSolution
		Debug|Any CPU = Debug|Any CPU
		Release|Any CPU = Release|Any CPU
	EndGlobalSection
	GlobalSection(ProjectConfigurationPlatforms) = postSolution
		{42C7877F-0FBC-4B39-981D-6F9D6B7884AE}.Debug|Any CPU.ActiveCfg = Debug|Any CPU
		{42C7877F-0FBC-4B39-981D-6F9D6B7884AE}.Debug|Any CPU.Build.0 = Debug|Any CPU
		{42C7877F-0FBC-4B39-981D-6F9D6B7884AE}.Release|Any CPU.ActiveCfg = Release|Any CPU
		{42C7877F-0FBC-4B39-981D-6F9D6B7884AE}.Release|Any CPU.Build.0 = Release|Any CPU
	EndGlobalSection
	GlobalSection(SolutionProperties) = preSolution
		HideSolutionNode = FALSE
	EndGlobalSection
	GlobalSection(ExtensibilityGlobals) = postSolution
		SolutionGuid = {FAFD6E85-A57A-4DB3-B9E8-15D3A97761C7}
	EndGlobalSection
EndGlobal
